
Microsoft Visual Studio Solution File, Format Version 12.00
# Visual Studio Version 17
VisualStudioVersion = 17.10.35004.147
MinimumVisualStudioVersion = 10.0.40219.1
Project("{FAE04EC0-301F-11D3-BF4B-00C04F79EFBC}") = "Sombra_AMGD.Android", "Sombra_AMGD.Android\Sombra_AMGD.Android.csproj", "{300994B9-6C56-44AA-AD0B-FC125182E771}"
EndProject
Project("{FAE04EC0-301F-11D3-BF4B-00C04F79EFBC}") = "Sombra_AMGD.iOS", "Sombra_AMGD.iOS\Sombra_AMGD.iOS.csproj", "{16A94550-F83E-40A5-9CC4-A09CEAA55514}"
EndProject
Project("{FAE04EC0-301F-11D3-BF4B-00C04F79EFBC}") = "Sombra_AMGD", "Sombra_AMGD\Sombra_AMGD.csproj", "{EA0A8E47-9848-4840-AD1D-AF5454208B8B}"
EndProject
Global
	GlobalSection(SolutionConfigurationPlatforms) = preSolution
		Debug|Any CPU = Debug|Any CPU
		Debug|iPhone = Debug|iPhone
		Debug|iPhoneSimulator = Debug|iPhoneSimulator
		Release|Any CPU = Release|Any CPU
		Release|iPhone = Release|iPhone
		Release|iPhoneSimulator = Release|iPhoneSimulator
	EndGlobalSection
	GlobalSection(ProjectConfigurationPlatforms) = postSolution
		{300994B9-6C56-44AA-AD0B-FC125182E771}.Debug|Any CPU.ActiveCfg = Debug|Any CPU
		{300994B9-6C56-44AA-AD0B-FC125182E771}.Debug|Any CPU.Build.0 = Debug|Any CPU
		{300994B9-6C56-44AA-AD0B-FC125182E771}.Debug|Any CPU.Deploy.0 = Debug|Any CPU
		{300994B9-6C56-44AA-AD0B-FC125182E771}.Debug|iPhone.ActiveCfg = Debug|Any CPU
		{300994B9-6C56-44AA-AD0B-FC125182E771}.Debug|iPhone.Build.0 = Debug|Any CPU
		{300994B9-6C56-44AA-AD0B-FC125182E771}.Debug|iPhone.Deploy.0 = Debug|Any CPU
		{300994B9-6C56-44AA-AD0B-FC125182E771}.Debug|iPhoneSimulator.ActiveCfg = Debug|Any CPU
		{300994B9-6C56-44AA-AD0B-FC125182E771}.Debug|iPhoneSimulator.Build.0 = Debug|Any CPU
		{300994B9-6C56-44AA-AD0B-FC125182E771}.Debug|iPhoneSimulator.Deploy.0 = Debug|Any CPU
		{300994B9-6C56-44AA-AD0B-FC125182E771}.Release|Any CPU.ActiveCfg = Release|Any CPU
		{300994B9-6C56-44AA-AD0B-FC125182E771}.Release|Any CPU.Build.0 = Release|Any CPU
		{300994B9-6C56-44AA-AD0B-FC125182E771}.Release|Any CPU.Deploy.0 = Release|Any CPU
		{300994B9-6C56-44AA-AD0B-FC125182E771}.Release|iPhone.ActiveCfg = Release|Any CPU
		{300994B9-6C56-44AA-AD0B-FC125182E771}.Release|iPhone.Build.0 = Release|Any CPU
		{300994B9-6C56-44AA-AD0B-FC125182E771}.Release|iPhone.Deploy.0 = Release|Any CPU
		{300994B9-6C56-44AA-AD0B-FC125182E771}.Release|iPhoneSimulator.ActiveCfg = Release|Any CPU
		{300994B9-6C56-44AA-AD0B-FC125182E771}.Release|iPhoneSimulator.Build.0 = Release|Any CPU
		{300994B9-6C56-44AA-AD0B-FC125182E771}.Release|iPhoneSimulator.Deploy.0 = Release|Any CPU
		{16A94550-F83E-40A5-9CC4-A09CEAA55514}.Debug|Any CPU.ActiveCfg = Debug|iPhone
		{16A94550-F83E-40A5-9CC4-A09CEAA55514}.Debug|Any CPU.Build.0 = Debug|iPhone
		{16A94550-F83E-40A5-9CC4-A09CEAA55514}.Debug|Any CPU.Deploy.0 = Debug|iPhone
		{16A94550-F83E-40A5-9CC4-A09CEAA55514}.Debug|iPhone.ActiveCfg = Debug|iPhone
		{16A94550-F83E-40A5-9CC4-A09CEAA55514}.Debug|iPhone.Build.0 = Debug|iPhone
		{16A94550-F83E-40A5-9CC4-A09CEAA55514}.Debug|iPhone.Deploy.0 = Debug|iPhone
		{16A94550-F83E-40A5-9CC4-A09CEAA55514}.Debug|iPhoneSimulator.ActiveCfg = Debug|iPhoneSimulator
		{16A94550-F83E-40A5-9CC4-A09CEAA55514}.Debug|iPhoneSimulator.Build.0 = Debug|iPhoneSimulator
		{16A94550-F83E-40A5-9CC4-A09CEAA55514}.Debug|iPhoneSimulator.Deploy.0 = Debug|iPhoneSimulator
		{16A94550-F83E-40A5-9CC4-A09CEAA55514}.Release|Any CPU.ActiveCfg = Release|iPhoneSimulator
		{16A94550-F83E-40A5-9CC4-A09CEAA55514}.Release|Any CPU.Build.0 = Release|iPhoneSimulator
		{16A94550-F83E-40A5-9CC4-A09CEAA55514}.Release|Any CPU.Deploy.0 = Release|iPhoneSimulator
		{16A94550-F83E-40A5-9CC4-A09CEAA55514}.Release|iPhone.ActiveCfg = Release|iPhone
		{16A94550-F83E-40A5-9CC4-A09CEAA55514}.Release|iPhone.Build.0 = Release|iPhone
		{16A94550-F83E-40A5-9CC4-A09CEAA55514}.Release|iPhone.Deploy.0 = Release|iPhone
		{16A94550-F83E-40A5-9CC4-A09CEAA55514}.Release|iPhoneSimulator.ActiveCfg = Release|iPhoneSimulator
		{16A94550-F83E-40A5-9CC4-A09CEAA55514}.Release|iPhoneSimulator.Build.0 = Release|iPhoneSimulator
		{16A94550-F83E-40A5-9CC4-A09CEAA55514}.Release|iPhoneSimulator.Deploy.0 = Release|iPhoneSimulator
		{EA0A8E47-9848-4840-AD1D-AF5454208B8B}.Debug|Any CPU.ActiveCfg = Debug|Any CPU
		{EA0A8E47-9848-4840-AD1D-AF5454208B8B}.Debug|Any CPU.Build.0 = Debug|Any CPU
		{EA0A8E47-9848-4840-AD1D-AF5454208B8B}.Debug|Any CPU.Deploy.0 = Debug|Any CPU
		{EA0A8E47-9848-4840-AD1D-AF5454208B8B}.Debug|iPhone.ActiveCfg = Debug|Any CPU
		{EA0A8E47-9848-4840-AD1D-AF5454208B8B}.Debug|iPhone.Build.0 = Debug|Any CPU
		{EA0A8E47-9848-4840-AD1D-AF5454208B8B}.Debug|iPhone.Deploy.0 = Debug|Any CPU
		{EA0A8E47-9848-4840-AD1D-AF5454208B8B}.Debug|iPhoneSimulator.ActiveCfg = Debug|Any CPU
		{EA0A8E47-9848-4840-AD1D-AF5454208B8B}.Debug|iPhoneSimulator.Build.0 = Debug|Any CPU
		{EA0A8E47-9848-4840-AD1D-AF5454208B8B}.Debug|iPhoneSimulator.Deploy.0 = Debug|Any CPU
		{EA0A8E47-9848-4840-AD1D-AF5454208B8B}.Release|Any CPU.ActiveCfg = Release|Any CPU
		{EA0A8E47-9848-4840-AD1D-AF5454208B8B}.Release|Any CPU.Build.0 = Release|Any CPU
		{EA0A8E47-9848-4840-AD1D-AF5454208B8B}.Release|Any CPU.Deploy.0 = Release|Any CPU
		{EA0A8E47-9848-4840-AD1D-AF5454208B8B}.Release|iPhone.ActiveCfg = Release|Any CPU
		{EA0A8E47-9848-4840-AD1D-AF5454208B8B}.Release|iPhone.Build.0 = Release|Any CPU
		{EA0A8E47-9848-4840-AD1D-AF5454208B8B}.Release|iPhone.Deploy.0 = Release|Any CPU
		{EA0A8E47-9848-4840-AD1D-AF5454208B8B}.Release|iPhoneSimulator.ActiveCfg = Release|Any CPU
		{EA0A8E47-9848-4840-AD1D-AF5454208B8B}.Release|iPhoneSimulator.Build.0 = Release|Any CPU
		{EA0A8E47-9848-4840-AD1D-AF5454208B8B}.Release|iPhoneSimulator.Deploy.0 = Release|Any CPU
	EndGlobalSection
	GlobalSection(SolutionProperties) = preSolution
		HideSolutionNode = FALSE
	EndGlobalSection
	GlobalSection(ExtensibilityGlobals) = postSolution
		SolutionGuid = {7C790F88-07BA-4860-A184-B858A6D94472}
	EndGlobalSection
EndGlobal
